
Microsoft Visual Studio Solution File, Format Version 12.00
# Visual Studio Version 17
VisualStudioVersion = 17.7.34221.43
MinimumVisualStudioVersion = 10.0.40219.1
Project("{FAE04EC0-301F-11D3-BF4B-00C04F79EFBC}") = "Auth_WebApplication", "Auth_WebApplication.csproj", "{33E26FA2-4D99-4228-90AF-07D52A4AF96C}"
EndProject
Global
	GlobalSection(SolutionConfigurationPlatforms) = preSolution
		Debug|Any CPU = Debug|Any CPU
		Release|Any CPU = Release|Any CPU
	EndGlobalSection
	GlobalSection(ProjectConfigurationPlatforms) = postSolution
		{33E26FA2-4D99-4228-90AF-07D52A4AF96C}.Debug|Any CPU.ActiveCfg = Debug|Any CPU
		{33E26FA2-4D99-4228-90AF-07D52A4AF96C}.Debug|Any CPU.Build.0 = Debug|Any CPU
		{33E26FA2-4D99-4228-90AF-07D52A4AF96C}.Release|Any CPU.ActiveCfg = Release|Any CPU
		{33E26FA2-4D99-4228-90AF-07D52A4AF96C}.Release|Any CPU.Build.0 = Release|Any CPU
	EndGlobalSection
	GlobalSection(SolutionProperties) = preSolution
		HideSolutionNode = FALSE
	EndGlobalSection
	GlobalSection(ExtensibilityGlobals) = postSolution
		SolutionGuid = {FC4775DD-BE1C-4468-BDE4-7CF5DAAF89D0}
	EndGlobalSection
EndGlobal
